
Microsoft Visual Studio Solution File, Format Version 12.00
# Visual Studio Version 17
VisualStudioVersion = 17.11.35222.181
MinimumVisualStudioVersion = 10.0.40219.1
Project("{FAE04EC0-301F-11D3-BF4B-00C04F79EFBC}") = "ColorDash01", "ColorDash01\ColorDash01.csproj", "{D1D1AE74-D3FF-4180-9C76-05BDE6AECBDD}"
EndProject
Global
	GlobalSection(SolutionConfigurationPlatforms) = preSolution
		Debug|Any CPU = Debug|Any CPU
		Release|Any CPU = Release|Any CPU
	EndGlobalSection
	GlobalSection(ProjectConfigurationPlatforms) = postSolution
		{D1D1AE74-D3FF-4180-9C76-05BDE6AECBDD}.Debug|Any CPU.ActiveCfg = Debug|Any CPU
		{D1D1AE74-D3FF-4180-9C76-05BDE6AECBDD}.Debug|Any CPU.Build.0 = Debug|Any CPU
		{D1D1AE74-D3FF-4180-9C76-05BDE6AECBDD}.Release|Any CPU.ActiveCfg = Release|Any CPU
		{D1D1AE74-D3FF-4180-9C76-05BDE6AECBDD}.Release|Any CPU.Build.0 = Release|Any CPU
	EndGlobalSection
	GlobalSection(SolutionProperties) = preSolution
		HideSolutionNode = FALSE
	EndGlobalSection
	GlobalSection(ExtensibilityGlobals) = postSolution
		SolutionGuid = {B64087E4-4D50-4ECD-A174-D97F01D39165}
	EndGlobalSection
EndGlobal
